
Microsoft Visual Studio Solution File, Format Version 12.00
# Visual Studio Version 16
VisualStudioVersion = 16.0.31105.61
MinimumVisualStudioVersion = 10.0.40219.1
Project("{8BC9CEB8-8B4A-11D0-8D11-00A0C91BC942}") = "CubeEngine", "CubeEngine.vcxproj", "{9FFBA8A3-D466-4A0B-9025-7A3B4B2A77B3}"
EndProject
Project("{8BC9CEB8-8B4A-11D0-8D11-00A0C91BC942}") = "Demo", "..\..\..\Demo\project\vs-2019\Demo.vcxproj", "{D6FA9507-5DD2-45A3-971E-CA5152723F51}"
	ProjectSection(ProjectDependencies) = postProject
		{9FFBA8A3-D466-4A0B-9025-7A3B4B2A77B3} = {9FFBA8A3-D466-4A0B-9025-7A3B4B2A77B3}
	EndProjectSection
EndProject
Global
	GlobalSection(SolutionConfigurationPlatforms) = preSolution
		Debug|x64 = Debug|x64
		Debug|x86 = Debug|x86
		Release|x64 = Release|x64
		Release|x86 = Release|x86
	EndGlobalSection
	GlobalSection(ProjectConfigurationPlatforms) = postSolution
		{9FFBA8A3-D466-4A0B-9025-7A3B4B2A77B3}.Debug|x64.ActiveCfg = Debug|x64
		{9FFBA8A3-D466-4A0B-9025-7A3B4B2A77B3}.Debug|x64.Build.0 = Debug|x64
		{9FFBA8A3-D466-4A0B-9025-7A3B4B2A77B3}.Debug|x86.ActiveCfg = Debug|Win32
		{9FFBA8A3-D466-4A0B-9025-7A3B4B2A77B3}.Debug|x86.Build.0 = Debug|Win32
		{9FFBA8A3-D466-4A0B-9025-7A3B4B2A77B3}.Release|x64.ActiveCfg = Release|x64
		{9FFBA8A3-D466-4A0B-9025-7A3B4B2A77B3}.Release|x64.Build.0 = Release|x64
		{9FFBA8A3-D466-4A0B-9025-7A3B4B2A77B3}.Release|x86.ActiveCfg = Release|Win32
		{9FFBA8A3-D466-4A0B-9025-7A3B4B2A77B3}.Release|x86.Build.0 = Release|Win32
		{D6FA9507-5DD2-45A3-971E-CA5152723F51}.Debug|x64.ActiveCfg = Debug|x64
		{D6FA9507-5DD2-45A3-971E-CA5152723F51}.Debug|x64.Build.0 = Debug|x64
		{D6FA9507-5DD2-45A3-971E-CA5152723F51}.Debug|x86.ActiveCfg = Debug|Win32
		{D6FA9507-5DD2-45A3-971E-CA5152723F51}.Debug|x86.Build.0 = Debug|Win32
		{D6FA9507-5DD2-45A3-971E-CA5152723F51}.Release|x64.ActiveCfg = Release|x64
		{D6FA9507-5DD2-45A3-971E-CA5152723F51}.Release|x64.Build.0 = Release|x64
		{D6FA9507-5DD2-45A3-971E-CA5152723F51}.Release|x86.ActiveCfg = Release|Win32
		{D6FA9507-5DD2-45A3-971E-CA5152723F51}.Release|x86.Build.0 = Release|Win32
	EndGlobalSection
	GlobalSection(SolutionProperties) = preSolution
		HideSolutionNode = FALSE
	EndGlobalSection
	GlobalSection(ExtensibilityGlobals) = postSolution
		SolutionGuid = {0CC72069-C848-4F40-A2EC-9710BBC1A493}
	EndGlobalSection
EndGlobal
